
Microsoft Visual Studio Solution File, Format Version 12.00
# Visual Studio Version 17
VisualStudioVersion = 17.4.33103.184
MinimumVisualStudioVersion = 10.0.40219.1
Project("{9A19103F-16F7-4668-BE54-9A1E7A4F7556}") = "IczpNet.Chat.Domain.Shared", "src\IczpNet.Chat.Domain.Shared\IczpNet.Chat.Domain.Shared.csproj", "{D64C1577-4929-4B60-939E-96DE1534891A}"
EndProject
Project("{9A19103F-16F7-4668-BE54-9A1E7A4F7556}") = "IczpNet.Chat.Domain", "src\IczpNet.Chat.Domain\IczpNet.Chat.Domain.csproj", "{F2840BC7-0188-4606-9126-DADD0F5ABF7A}"
EndProject
Project("{9A19103F-16F7-4668-BE54-9A1E7A4F7556}") = "IczpNet.Chat.Application.Contracts", "src\IczpNet.Chat.Application.Contracts\IczpNet.Chat.Application.Contracts.csproj", "{BD65D04F-08D5-40C1-8C24-77CA0BACB877}"
EndProject
Project("{2150E333-8FDC-42A3-9474-1A3956D46DE8}") = "src", "src", "{649A3FFA-182F-4E56-9717-E6A9A2BEC545}"
EndProject
Project("{2150E333-8FDC-42A3-9474-1A3956D46DE8}") = "test", "test", "{CCD2960C-23CC-4AB4-B84D-60C7AAA52F4D}"
EndProject
Project("{2150E333-8FDC-42A3-9474-1A3956D46DE8}") = "host", "host", "{E400416D-2895-4512-9D17-90681EEC7E0A}"
EndProject
Project("{9A19103F-16F7-4668-BE54-9A1E7A4F7556}") = "IczpNet.Chat.EntityFrameworkCore", "src\IczpNet.Chat.EntityFrameworkCore\IczpNet.Chat.EntityFrameworkCore.csproj", "{0CE86223-D31D-4315-A1F5-87BA3EE1B844}"
EndProject
Project("{9A19103F-16F7-4668-BE54-9A1E7A4F7556}") = "IczpNet.Chat.MongoDB", "src\IczpNet.Chat.MongoDB\IczpNet.Chat.MongoDB.csproj", "{F1C58097-4C08-4D88-8976-6B3389391481}"
EndProject
Project("{9A19103F-16F7-4668-BE54-9A1E7A4F7556}") = "IczpNet.Chat.HttpApi", "src\IczpNet.Chat.HttpApi\IczpNet.Chat.HttpApi.csproj", "{077AA5F8-8B61-420C-A6B5-0150A66FDB34}"
EndProject
Project("{9A19103F-16F7-4668-BE54-9A1E7A4F7556}") = "IczpNet.Chat.HttpApi.Client", "src\IczpNet.Chat.HttpApi.Client\IczpNet.Chat.HttpApi.Client.csproj", "{36E2735F-CEAB-44C8-A6D1-2CDAFF399751}"
EndProject
Project("{9A19103F-16F7-4668-BE54-9A1E7A4F7556}") = "IczpNet.Chat.TestBase", "test\IczpNet.Chat.TestBase\IczpNet.Chat.TestBase.csproj", "{C5BB573D-3030-4BCB-88B7-F6A85C32766C}"
EndProject
Project("{9A19103F-16F7-4668-BE54-9A1E7A4F7556}") = "IczpNet.Chat.EntityFrameworkCore.Tests", "test\IczpNet.Chat.EntityFrameworkCore.Tests\IczpNet.Chat.EntityFrameworkCore.Tests.csproj", "{527F645C-C1FC-406E-8479-81386C8ECF13}"
EndProject
Project("{9A19103F-16F7-4668-BE54-9A1E7A4F7556}") = "IczpNet.Chat.MongoDB.Tests", "test\IczpNet.Chat.MongoDB.Tests\IczpNet.Chat.MongoDB.Tests.csproj", "{D0AD9179-125C-40B2-A8EE-CD4C1EE24BB6}"
EndProject
Project("{9A19103F-16F7-4668-BE54-9A1E7A4F7556}") = "IczpNet.Chat.Domain.Tests", "test\IczpNet.Chat.Domain.Tests\IczpNet.Chat.Domain.Tests.csproj", "{E60895E5-79C4-447D-88B7-85CB5BA336A4}"
EndProject
Project("{9A19103F-16F7-4668-BE54-9A1E7A4F7556}") = "IczpNet.Chat.Application.Tests", "test\IczpNet.Chat.Application.Tests\IczpNet.Chat.Application.Tests.csproj", "{90CB5DC4-C040-45C7-8900-9688B26405BC}"
EndProject
Project("{9A19103F-16F7-4668-BE54-9A1E7A4F7556}") = "IczpNet.Chat.HttpApi.Host", "host\IczpNet.Chat.HttpApi.Host\IczpNet.Chat.HttpApi.Host.csproj", "{37B135B0-DAFE-4616-B25C-1BDF32FC44A2}"
EndProject
Project("{9A19103F-16F7-4668-BE54-9A1E7A4F7556}") = "IczpNet.Chat.HttpApi.Client.ConsoleTestApp", "test\IczpNet.Chat.HttpApi.Client.ConsoleTestApp\IczpNet.Chat.HttpApi.Client.ConsoleTestApp.csproj", "{1EDCD6D4-DF3A-4E3B-ABB6-C0D0B373EAB8}"
EndProject
Project("{9A19103F-16F7-4668-BE54-9A1E7A4F7556}") = "IczpNet.Chat.AuthServer", "host\IczpNet.Chat.AuthServer\IczpNet.Chat.AuthServer.csproj", "{690203F4-3CD5-4569-88D9-EE831EEA5F5F}"
EndProject
Project("{9A19103F-16F7-4668-BE54-9A1E7A4F7556}") = "IczpNet.Chat.Host.Shared", "host\IczpNet.Chat.Host.Shared\IczpNet.Chat.Host.Shared.csproj", "{F6AC8D4A-EDD7-4514-8E8A-5BCB019864DB}"
EndProject
Project("{9A19103F-16F7-4668-BE54-9A1E7A4F7556}") = "IczpNet.Chat.Installer", "src\IczpNet.Chat.Installer\IczpNet.Chat.Installer.csproj", "{BE39FD00-745B-4049-8161-FC129817CBE4}"
EndProject
Project("{2150E333-8FDC-42A3-9474-1A3956D46DE8}") = "module", "module", "{07B34A1C-5409-417D-AE4D-23E008529F83}"
EndProject
Project("{9A19103F-16F7-4668-BE54-9A1E7A4F7556}") = "IczpNet.AbpCommons.Domain", "..\IczpNet.AbpCommons\src\IczpNet.AbpCommons.Domain\IczpNet.AbpCommons.Domain.csproj", "{61D57128-8D53-4D87-A117-F8E16A7EDD54}"
EndProject
Project("{9A19103F-16F7-4668-BE54-9A1E7A4F7556}") = "IczpNet.AbpCommons.Domain.Shared", "..\IczpNet.AbpCommons\src\IczpNet.AbpCommons.Domain.Shared\IczpNet.AbpCommons.Domain.Shared.csproj", "{B5DE788D-BE05-4542-BC8A-2392DA418DFF}"
EndProject
Project("{9A19103F-16F7-4668-BE54-9A1E7A4F7556}") = "IczpNet.AbpCommons.Application.Contracts", "..\IczpNet.AbpCommons\src\IczpNet.AbpCommons.Application.Contracts\IczpNet.AbpCommons.Application.Contracts.csproj", "{D3031CEA-2D8A-41D4-BD93-2FE09B200227}"
EndProject
Project("{9A19103F-16F7-4668-BE54-9A1E7A4F7556}") = "IczpNet.AbpCommons.Application", "..\IczpNet.AbpCommons\src\IczpNet.AbpCommons.Application\IczpNet.AbpCommons.Application.csproj", "{B09DCA97-305C-4DED-B68A-7CE257AD5A3B}"
EndProject
Project("{9A19103F-16F7-4668-BE54-9A1E7A4F7556}") = "IczpNet.AbpCommons.EntityFrameworkCore", "..\IczpNet.AbpCommons\src\IczpNet.AbpCommons.EntityFrameworkCore\IczpNet.AbpCommons.EntityFrameworkCore.csproj", "{C22F9E7F-304A-4FCF-93A8-FD84D463E90A}"
EndProject
Project("{2150E333-8FDC-42A3-9474-1A3956D46DE8}") = "IczpNet.AbpCommons", "IczpNet.AbpCommons", "{5A89FED6-2A0F-432F-B659-EC5F020A7670}"
EndProject
Project("{2150E333-8FDC-42A3-9474-1A3956D46DE8}") = "IczpNet.AbpTrees", "IczpNet.AbpTrees", "{2FC01003-37E0-4C9F-82BE-4302AB0A33F8}"
EndProject
Project("{9A19103F-16F7-4668-BE54-9A1E7A4F7556}") = "IczpNet.AbpTrees.Domain", "..\IczpNet.AbpTrees\src\IczpNet.AbpTrees.Domain\IczpNet.AbpTrees.Domain.csproj", "{4CAD6264-760D-417C-B22A-786E4D108DE1}"
EndProject
Project("{9A19103F-16F7-4668-BE54-9A1E7A4F7556}") = "IczpNet.AbpTrees.Domain.Shared", "..\IczpNet.AbpTrees\src\IczpNet.AbpTrees.Domain.Shared\IczpNet.AbpTrees.Domain.Shared.csproj", "{30358FCC-690A-4861-A698-E5F6DE74ECB3}"
EndProject
Project("{9A19103F-16F7-4668-BE54-9A1E7A4F7556}") = "IczpNet.AbpTrees.Application.Contracts", "..\IczpNet.AbpTrees\src\IczpNet.AbpTrees.Application.Contracts\IczpNet.AbpTrees.Application.Contracts.csproj", "{FEF34959-C3A5-4885-8FE5-E964D8164E9C}"
EndProject
Project("{9A19103F-16F7-4668-BE54-9A1E7A4F7556}") = "IczpNet.AbpTrees.Application", "..\IczpNet.AbpTrees\src\IczpNet.AbpTrees.Application\IczpNet.AbpTrees.Application.csproj", "{75392C45-19DA-4FC9-82AB-2F220772C508}"
EndProject
Project("{2150E333-8FDC-42A3-9474-1A3956D46DE8}") = "IczpNet.Pusher", "IczpNet.Pusher", "{0AB4D80A-2B37-4DF4-AB0E-F34E23607C10}"
EndProject
Project("{9A19103F-16F7-4668-BE54-9A1E7A4F7556}") = "IczpNet.Pusher.Domain", "..\IczpNet.Pusher\src\IczpNet.Pusher.Domain\IczpNet.Pusher.Domain.csproj", "{4F873481-4C50-4F8F-84E8-93589371FF19}"
EndProject
Project("{9A19103F-16F7-4668-BE54-9A1E7A4F7556}") = "IczpNet.Pusher.Domain.Shared", "..\IczpNet.Pusher\src\IczpNet.Pusher.Domain.Shared\IczpNet.Pusher.Domain.Shared.csproj", "{A7F606C8-7B25-40D1-AF3A-01C0E18E1B73}"
EndProject
Project("{9A19103F-16F7-4668-BE54-9A1E7A4F7556}") = "IczpNet.Chat.Application", "src\IczpNet.Chat.Application\IczpNet.Chat.Application.csproj", "{CC470D13-079C-45AA-8F84-FCC024E65952}"
EndProject
Project("{9A19103F-16F7-4668-BE54-9A1E7A4F7556}") = "IczpNet.BizCrypts", "..\IczpNet.BizCrypts\IczpNet.BizCrypts.csproj", "{12C2D106-AB46-44A5-95D6-984C5BD51C68}"
EndProject
Project("{2150E333-8FDC-42A3-9474-1A3956D46DE8}") = "IczpNet.BizCrypts", "IczpNet.BizCrypts", "{800309E7-8077-4D62-B7EB-7322602D07A4}"
EndProject
Global
	GlobalSection(SolutionConfigurationPlatforms) = preSolution
		Debug|Any CPU = Debug|Any CPU
		Release|Any CPU = Release|Any CPU
	EndGlobalSection
	GlobalSection(ProjectConfigurationPlatforms) = postSolution
		{D64C1577-4929-4B60-939E-96DE1534891A}.Debug|Any CPU.ActiveCfg = Debug|Any CPU
		{D64C1577-4929-4B60-939E-96DE1534891A}.Debug|Any CPU.Build.0 = Debug|Any CPU
		{D64C1577-4929-4B60-939E-96DE1534891A}.Release|Any CPU.ActiveCfg = Release|Any CPU
		{D64C1577-4929-4B60-939E-96DE1534891A}.Release|Any CPU.Build.0 = Release|Any CPU
		{F2840BC7-0188-4606-9126-DADD0F5ABF7A}.Debug|Any CPU.ActiveCfg = Debug|Any CPU
		{F2840BC7-0188-4606-9126-DADD0F5ABF7A}.Debug|Any CPU.Build.0 = Debug|Any CPU
		{F2840BC7-0188-4606-9126-DADD0F5ABF7A}.Release|Any CPU.ActiveCfg = Release|Any CPU
		{F2840BC7-0188-4606-9126-DADD0F5ABF7A}.Release|Any CPU.Build.0 = Release|Any CPU
		{BD65D04F-08D5-40C1-8C24-77CA0BACB877}.Debug|Any CPU.ActiveCfg = Debug|Any CPU
		{BD65D04F-08D5-40C1-8C24-77CA0BACB877}.Debug|Any CPU.Build.0 = Debug|Any CPU
		{BD65D04F-08D5-40C1-8C24-77CA0BACB877}.Release|Any CPU.ActiveCfg = Release|Any CPU
		{BD65D04F-08D5-40C1-8C24-77CA0BACB877}.Release|Any CPU.Build.0 = Release|Any CPU
		{0CE86223-D31D-4315-A1F5-87BA3EE1B844}.Debug|Any CPU.ActiveCfg = Debug|Any CPU
		{0CE86223-D31D-4315-A1F5-87BA3EE1B844}.Debug|Any CPU.Build.0 = Debug|Any CPU
		{0CE86223-D31D-4315-A1F5-87BA3EE1B844}.Release|Any CPU.ActiveCfg = Release|Any CPU
		{0CE86223-D31D-4315-A1F5-87BA3EE1B844}.Release|Any CPU.Build.0 = Release|Any CPU
		{F1C58097-4C08-4D88-8976-6B3389391481}.Debug|Any CPU.ActiveCfg = Debug|Any CPU
		{F1C58097-4C08-4D88-8976-6B3389391481}.Debug|Any CPU.Build.0 = Debug|Any CPU
		{F1C58097-4C08-4D88-8976-6B3389391481}.Release|Any CPU.ActiveCfg = Release|Any CPU
		{F1C58097-4C08-4D88-8976-6B3389391481}.Release|Any CPU.Build.0 = Release|Any CPU
		{077AA5F8-8B61-420C-A6B5-0150A66FDB34}.Debug|Any CPU.ActiveCfg = Debug|Any CPU
		{077AA5F8-8B61-420C-A6B5-0150A66FDB34}.Debug|Any CPU.Build.0 = Debug|Any CPU
		{077AA5F8-8B61-420C-A6B5-0150A66FDB34}.Release|Any CPU.ActiveCfg = Release|Any CPU
		{077AA5F8-8B61-420C-A6B5-0150A66FDB34}.Release|Any CPU.Build.0 = Release|Any CPU
		{36E2735F-CEAB-44C8-A6D1-2CDAFF399751}.Debug|Any CPU.ActiveCfg = Debug|Any CPU
		{36E2735F-CEAB-44C8-A6D1-2CDAFF399751}.Debug|Any CPU.Build.0 = Debug|Any CPU
		{36E2735F-CEAB-44C8-A6D1-2CDAFF399751}.Release|Any CPU.ActiveCfg = Release|Any CPU
		{36E2735F-CEAB-44C8-A6D1-2CDAFF399751}.Release|Any CPU.Build.0 = Release|Any CPU
		{C5BB573D-3030-4BCB-88B7-F6A85C32766C}.Debug|Any CPU.ActiveCfg = Debug|Any CPU
		{C5BB573D-3030-4BCB-88B7-F6A85C32766C}.Debug|Any CPU.Build.0 = Debug|Any CPU
		{C5BB573D-3030-4BCB-88B7-F6A85C32766C}.Release|Any CPU.ActiveCfg = Release|Any CPU
		{C5BB573D-3030-4BCB-88B7-F6A85C32766C}.Release|Any CPU.Build.0 = Release|Any CPU
		{527F645C-C1FC-406E-8479-81386C8ECF13}.Debug|Any CPU.ActiveCfg = Debug|Any CPU
		{527F645C-C1FC-406E-8479-81386C8ECF13}.Debug|Any CPU.Build.0 = Debug|Any CPU
		{527F645C-C1FC-406E-8479-81386C8ECF13}.Release|Any CPU.ActiveCfg = Release|Any CPU
		{527F645C-C1FC-406E-8479-81386C8ECF13}.Release|Any CPU.Build.0 = Release|Any CPU
		{D0AD9179-125C-40B2-A8EE-CD4C1EE24BB6}.Debug|Any CPU.ActiveCfg = Debug|Any CPU
		{D0AD9179-125C-40B2-A8EE-CD4C1EE24BB6}.Debug|Any CPU.Build.0 = Debug|Any CPU
		{D0AD9179-125C-40B2-A8EE-CD4C1EE24BB6}.Release|Any CPU.ActiveCfg = Release|Any CPU
		{D0AD9179-125C-40B2-A8EE-CD4C1EE24BB6}.Release|Any CPU.Build.0 = Release|Any CPU
		{E60895E5-79C4-447D-88B7-85CB5BA336A4}.Debug|Any CPU.ActiveCfg = Debug|Any CPU
		{E60895E5-79C4-447D-88B7-85CB5BA336A4}.Debug|Any CPU.Build.0 = Debug|Any CPU
		{E60895E5-79C4-447D-88B7-85CB5BA336A4}.Release|Any CPU.ActiveCfg = Release|Any CPU
		{E60895E5-79C4-447D-88B7-85CB5BA336A4}.Release|Any CPU.Build.0 = Release|Any CPU
		{90CB5DC4-C040-45C7-8900-9688B26405BC}.Debug|Any CPU.ActiveCfg = Debug|Any CPU
		{90CB5DC4-C040-45C7-8900-9688B26405BC}.Debug|Any CPU.Build.0 = Debug|Any CPU
		{90CB5DC4-C040-45C7-8900-9688B26405BC}.Release|Any CPU.ActiveCfg = Release|Any CPU
		{90CB5DC4-C040-45C7-8900-9688B26405BC}.Release|Any CPU.Build.0 = Release|Any CPU
		{37B135B0-DAFE-4616-B25C-1BDF32FC44A2}.Debug|Any CPU.ActiveCfg = Debug|Any CPU
		{37B135B0-DAFE-4616-B25C-1BDF32FC44A2}.Debug|Any CPU.Build.0 = Debug|Any CPU
		{37B135B0-DAFE-4616-B25C-1BDF32FC44A2}.Release|Any CPU.ActiveCfg = Release|Any CPU
		{37B135B0-DAFE-4616-B25C-1BDF32FC44A2}.Release|Any CPU.Build.0 = Release|Any CPU
		{1EDCD6D4-DF3A-4E3B-ABB6-C0D0B373EAB8}.Debug|Any CPU.ActiveCfg = Debug|Any CPU
		{1EDCD6D4-DF3A-4E3B-ABB6-C0D0B373EAB8}.Debug|Any CPU.Build.0 = Debug|Any CPU
		{1EDCD6D4-DF3A-4E3B-ABB6-C0D0B373EAB8}.Release|Any CPU.ActiveCfg = Release|Any CPU
		{1EDCD6D4-DF3A-4E3B-ABB6-C0D0B373EAB8}.Release|Any CPU.Build.0 = Release|Any CPU
		{690203F4-3CD5-4569-88D9-EE831EEA5F5F}.Debug|Any CPU.ActiveCfg = Debug|Any CPU
		{690203F4-3CD5-4569-88D9-EE831EEA5F5F}.Debug|Any CPU.Build.0 = Debug|Any CPU
		{690203F4-3CD5-4569-88D9-EE831EEA5F5F}.Release|Any CPU.ActiveCfg = Release|Any CPU
		{690203F4-3CD5-4569-88D9-EE831EEA5F5F}.Release|Any CPU.Build.0 = Release|Any CPU
		{F6AC8D4A-EDD7-4514-8E8A-5BCB019864DB}.Debug|Any CPU.ActiveCfg = Debug|Any CPU
		{F6AC8D4A-EDD7-4514-8E8A-5BCB019864DB}.Debug|Any CPU.Build.0 = Debug|Any CPU
		{F6AC8D4A-EDD7-4514-8E8A-5BCB019864DB}.Release|Any CPU.ActiveCfg = Release|Any CPU
		{F6AC8D4A-EDD7-4514-8E8A-5BCB019864DB}.Release|Any CPU.Build.0 = Release|Any CPU
		{BE39FD00-745B-4049-8161-FC129817CBE4}.Debug|Any CPU.ActiveCfg = Debug|Any CPU
		{BE39FD00-745B-4049-8161-FC129817CBE4}.Debug|Any CPU.Build.0 = Debug|Any CPU
		{BE39FD00-745B-4049-8161-FC129817CBE4}.Release|Any CPU.ActiveCfg = Release|Any CPU
		{BE39FD00-745B-4049-8161-FC129817CBE4}.Release|Any CPU.Build.0 = Release|Any CPU
		{61D57128-8D53-4D87-A117-F8E16A7EDD54}.Debug|Any CPU.ActiveCfg = Debug|Any CPU
		{61D57128-8D53-4D87-A117-F8E16A7EDD54}.Debug|Any CPU.Build.0 = Debug|Any CPU
		{61D57128-8D53-4D87-A117-F8E16A7EDD54}.Release|Any CPU.ActiveCfg = Release|Any CPU
		{61D57128-8D53-4D87-A117-F8E16A7EDD54}.Release|Any CPU.Build.0 = Release|Any CPU
		{B5DE788D-BE05-4542-BC8A-2392DA418DFF}.Debug|Any CPU.ActiveCfg = Debug|Any CPU
		{B5DE788D-BE05-4542-BC8A-2392DA418DFF}.Debug|Any CPU.Build.0 = Debug|Any CPU
		{B5DE788D-BE05-4542-BC8A-2392DA418DFF}.Release|Any CPU.ActiveCfg = Release|Any CPU
		{B5DE788D-BE05-4542-BC8A-2392DA418DFF}.Release|Any CPU.Build.0 = Release|Any CPU
		{D3031CEA-2D8A-41D4-BD93-2FE09B200227}.Debug|Any CPU.ActiveCfg = Debug|Any CPU
		{D3031CEA-2D8A-41D4-BD93-2FE09B200227}.Debug|Any CPU.Build.0 = Debug|Any CPU
		{D3031CEA-2D8A-41D4-BD93-2FE09B200227}.Release|Any CPU.ActiveCfg = Release|Any CPU
		{D3031CEA-2D8A-41D4-BD93-2FE09B200227}.Release|Any CPU.Build.0 = Release|Any CPU
		{B09DCA97-305C-4DED-B68A-7CE257AD5A3B}.Debug|Any CPU.ActiveCfg = Debug|Any CPU
		{B09DCA97-305C-4DED-B68A-7CE257AD5A3B}.Debug|Any CPU.Build.0 = Debug|Any CPU
		{B09DCA97-305C-4DED-B68A-7CE257AD5A3B}.Release|Any CPU.ActiveCfg = Release|Any CPU
		{B09DCA97-305C-4DED-B68A-7CE257AD5A3B}.Release|Any CPU.Build.0 = Release|Any CPU
		{C22F9E7F-304A-4FCF-93A8-FD84D463E90A}.Debug|Any CPU.ActiveCfg = Debug|Any CPU
		{C22F9E7F-304A-4FCF-93A8-FD84D463E90A}.Debug|Any CPU.Build.0 = Debug|Any CPU
		{C22F9E7F-304A-4FCF-93A8-FD84D463E90A}.Release|Any CPU.ActiveCfg = Release|Any CPU
		{C22F9E7F-304A-4FCF-93A8-FD84D463E90A}.Release|Any CPU.Build.0 = Release|Any CPU
		{4CAD6264-760D-417C-B22A-786E4D108DE1}.Debug|Any CPU.ActiveCfg = Debug|Any CPU
		{4CAD6264-760D-417C-B22A-786E4D108DE1}.Debug|Any CPU.Build.0 = Debug|Any CPU
		{4CAD6264-760D-417C-B22A-786E4D108DE1}.Release|Any CPU.ActiveCfg = Release|Any CPU
		{4CAD6264-760D-417C-B22A-786E4D108DE1}.Release|Any CPU.Build.0 = Release|Any CPU
		{30358FCC-690A-4861-A698-E5F6DE74ECB3}.Debug|Any CPU.ActiveCfg = Debug|Any CPU
		{30358FCC-690A-4861-A698-E5F6DE74ECB3}.Debug|Any CPU.Build.0 = Debug|Any CPU
		{30358FCC-690A-4861-A698-E5F6DE74ECB3}.Release|Any CPU.ActiveCfg = Release|Any CPU
		{30358FCC-690A-4861-A698-E5F6DE74ECB3}.Release|Any CPU.Build.0 = Release|Any CPU
		{FEF34959-C3A5-4885-8FE5-E964D8164E9C}.Debug|Any CPU.ActiveCfg = Debug|Any CPU
		{FEF34959-C3A5-4885-8FE5-E964D8164E9C}.Debug|Any CPU.Build.0 = Debug|Any CPU
		{FEF34959-C3A5-4885-8FE5-E964D8164E9C}.Release|Any CPU.ActiveCfg = Release|Any CPU
		{FEF34959-C3A5-4885-8FE5-E964D8164E9C}.Release|Any CPU.Build.0 = Release|Any CPU
		{75392C45-19DA-4FC9-82AB-2F220772C508}.Debug|Any CPU.ActiveCfg = Debug|Any CPU
		{75392C45-19DA-4FC9-82AB-2F220772C508}.Debug|Any CPU.Build.0 = Debug|Any CPU
		{75392C45-19DA-4FC9-82AB-2F220772C508}.Release|Any CPU.ActiveCfg = Release|Any CPU
		{75392C45-19DA-4FC9-82AB-2F220772C508}.Release|Any CPU.Build.0 = Release|Any CPU
		{4F873481-4C50-4F8F-84E8-93589371FF19}.Debug|Any CPU.ActiveCfg = Debug|Any CPU
		{4F873481-4C50-4F8F-84E8-93589371FF19}.Debug|Any CPU.Build.0 = Debug|Any CPU
		{4F873481-4C50-4F8F-84E8-93589371FF19}.Release|Any CPU.ActiveCfg = Release|Any CPU
		{4F873481-4C50-4F8F-84E8-93589371FF19}.Release|Any CPU.Build.0 = Release|Any CPU
		{A7F606C8-7B25-40D1-AF3A-01C0E18E1B73}.Debug|Any CPU.ActiveCfg = Debug|Any CPU
		{A7F606C8-7B25-40D1-AF3A-01C0E18E1B73}.Debug|Any CPU.Build.0 = Debug|Any CPU
		{A7F606C8-7B25-40D1-AF3A-01C0E18E1B73}.Release|Any CPU.ActiveCfg = Release|Any CPU
		{A7F606C8-7B25-40D1-AF3A-01C0E18E1B73}.Release|Any CPU.Build.0 = Release|Any CPU
		{CC470D13-079C-45AA-8F84-FCC024E65952}.Debug|Any CPU.ActiveCfg = Debug|Any CPU
		{CC470D13-079C-45AA-8F84-FCC024E65952}.Debug|Any CPU.Build.0 = Debug|Any CPU
		{CC470D13-079C-45AA-8F84-FCC024E65952}.Release|Any CPU.ActiveCfg = Release|Any CPU
		{CC470D13-079C-45AA-8F84-FCC024E65952}.Release|Any CPU.Build.0 = Release|Any CPU
		{12C2D106-AB46-44A5-95D6-984C5BD51C68}.Debug|Any CPU.ActiveCfg = Debug|Any CPU
		{12C2D106-AB46-44A5-95D6-984C5BD51C68}.Debug|Any CPU.Build.0 = Debug|Any CPU
		{12C2D106-AB46-44A5-95D6-984C5BD51C68}.Release|Any CPU.ActiveCfg = Release|Any CPU
		{12C2D106-AB46-44A5-95D6-984C5BD51C68}.Release|Any CPU.Build.0 = Release|Any CPU
	EndGlobalSection
	GlobalSection(SolutionProperties) = preSolution
		HideSolutionNode = FALSE
	EndGlobalSection
	GlobalSection(NestedProjects) = preSolution
		{D64C1577-4929-4B60-939E-96DE1534891A} = {649A3FFA-182F-4E56-9717-E6A9A2BEC545}
		{F2840BC7-0188-4606-9126-DADD0F5ABF7A} = {649A3FFA-182F-4E56-9717-E6A9A2BEC545}
		{BD65D04F-08D5-40C1-8C24-77CA0BACB877} = {649A3FFA-182F-4E56-9717-E6A9A2BEC545}
		{0CE86223-D31D-4315-A1F5-87BA3EE1B844} = {649A3FFA-182F-4E56-9717-E6A9A2BEC545}
		{F1C58097-4C08-4D88-8976-6B3389391481} = {649A3FFA-182F-4E56-9717-E6A9A2BEC545}
		{077AA5F8-8B61-420C-A6B5-0150A66FDB34} = {649A3FFA-182F-4E56-9717-E6A9A2BEC545}
		{36E2735F-CEAB-44C8-A6D1-2CDAFF399751} = {649A3FFA-182F-4E56-9717-E6A9A2BEC545}
		{C5BB573D-3030-4BCB-88B7-F6A85C32766C} = {CCD2960C-23CC-4AB4-B84D-60C7AAA52F4D}
		{527F645C-C1FC-406E-8479-81386C8ECF13} = {CCD2960C-23CC-4AB4-B84D-60C7AAA52F4D}
		{D0AD9179-125C-40B2-A8EE-CD4C1EE24BB6} = {CCD2960C-23CC-4AB4-B84D-60C7AAA52F4D}
		{E60895E5-79C4-447D-88B7-85CB5BA336A4} = {CCD2960C-23CC-4AB4-B84D-60C7AAA52F4D}
		{90CB5DC4-C040-45C7-8900-9688B26405BC} = {CCD2960C-23CC-4AB4-B84D-60C7AAA52F4D}
		{37B135B0-DAFE-4616-B25C-1BDF32FC44A2} = {E400416D-2895-4512-9D17-90681EEC7E0A}
		{1EDCD6D4-DF3A-4E3B-ABB6-C0D0B373EAB8} = {CCD2960C-23CC-4AB4-B84D-60C7AAA52F4D}
		{690203F4-3CD5-4569-88D9-EE831EEA5F5F} = {E400416D-2895-4512-9D17-90681EEC7E0A}
		{F6AC8D4A-EDD7-4514-8E8A-5BCB019864DB} = {E400416D-2895-4512-9D17-90681EEC7E0A}
		{BE39FD00-745B-4049-8161-FC129817CBE4} = {649A3FFA-182F-4E56-9717-E6A9A2BEC545}
		{61D57128-8D53-4D87-A117-F8E16A7EDD54} = {5A89FED6-2A0F-432F-B659-EC5F020A7670}
		{B5DE788D-BE05-4542-BC8A-2392DA418DFF} = {5A89FED6-2A0F-432F-B659-EC5F020A7670}
		{D3031CEA-2D8A-41D4-BD93-2FE09B200227} = {5A89FED6-2A0F-432F-B659-EC5F020A7670}
		{B09DCA97-305C-4DED-B68A-7CE257AD5A3B} = {5A89FED6-2A0F-432F-B659-EC5F020A7670}
		{C22F9E7F-304A-4FCF-93A8-FD84D463E90A} = {5A89FED6-2A0F-432F-B659-EC5F020A7670}
		{5A89FED6-2A0F-432F-B659-EC5F020A7670} = {07B34A1C-5409-417D-AE4D-23E008529F83}
		{2FC01003-37E0-4C9F-82BE-4302AB0A33F8} = {07B34A1C-5409-417D-AE4D-23E008529F83}
		{4CAD6264-760D-417C-B22A-786E4D108DE1} = {2FC01003-37E0-4C9F-82BE-4302AB0A33F8}
		{30358FCC-690A-4861-A698-E5F6DE74ECB3} = {2FC01003-37E0-4C9F-82BE-4302AB0A33F8}
		{FEF34959-C3A5-4885-8FE5-E964D8164E9C} = {2FC01003-37E0-4C9F-82BE-4302AB0A33F8}
		{75392C45-19DA-4FC9-82AB-2F220772C508} = {2FC01003-37E0-4C9F-82BE-4302AB0A33F8}
		{0AB4D80A-2B37-4DF4-AB0E-F34E23607C10} = {07B34A1C-5409-417D-AE4D-23E008529F83}
		{4F873481-4C50-4F8F-84E8-93589371FF19} = {0AB4D80A-2B37-4DF4-AB0E-F34E23607C10}
		{A7F606C8-7B25-40D1-AF3A-01C0E18E1B73} = {0AB4D80A-2B37-4DF4-AB0E-F34E23607C10}
		{CC470D13-079C-45AA-8F84-FCC024E65952} = {649A3FFA-182F-4E56-9717-E6A9A2BEC545}
		{12C2D106-AB46-44A5-95D6-984C5BD51C68} = {800309E7-8077-4D62-B7EB-7322602D07A4}
		{800309E7-8077-4D62-B7EB-7322602D07A4} = {07B34A1C-5409-417D-AE4D-23E008529F83}
	EndGlobalSection
	GlobalSection(ExtensibilityGlobals) = postSolution
		SolutionGuid = {4324B3B4-B60B-4E3C-91D8-59576B4E26DD}
	EndGlobalSection
EndGlobal
